// !$*UTF8*$!
{
	archiveVersion = 1;
	classes = {
	};
	objectVersion = 56;
	objects = {

/* Begin PBXBuildFile section */
		985302B3295451DC00F7BAFD /* AppDelegate.swift in Sources */ = {isa = PBXBuildFile; fileRef = 985302B2295451DC00F7BAFD /* AppDelegate.swift */; };
		985302B5295451DC00F7BAFD /* SceneDelegate.swift in Sources */ = {isa = PBXBuildFile; fileRef = 985302B4295451DC00F7BAFD /* SceneDelegate.swift */; };
		985302B7295451DC00F7BAFD /* PostCollectionView.swift in Sources */ = {isa = PBXBuildFile; fileRef = 985302B6295451DC00F7BAFD /* PostCollectionView.swift */; };
		985302BC295451DD00F7BAFD /* Assets.xcassets in Resources */ = {isa = PBXBuildFile; fileRef = 985302BB295451DD00F7BAFD /* Assets.xcassets */; };
		985302BF295451DD00F7BAFD /* LaunchScreen.storyboard in Resources */ = {isa = PBXBuildFile; fileRef = 985302BD295451DD00F7BAFD /* LaunchScreen.storyboard */; };
		985302DA2954541100F7BAFD /* APIClientType.swift in Sources */ = {isa = PBXBuildFile; fileRef = 985302CC2954541000F7BAFD /* APIClientType.swift */; };
		985302DB2954541100F7BAFD /* PathBuilder.swift in Sources */ = {isa = PBXBuildFile; fileRef = 985302CD2954541000F7BAFD /* PathBuilder.swift */; };
		985302DC2954541100F7BAFD /* NetworkMethod.swift in Sources */ = {isa = PBXBuildFile; fileRef = 985302CF2954541100F7BAFD /* NetworkMethod.swift */; };
		985302DD2954541100F7BAFD /* NetworkPublisher.swift in Sources */ = {isa = PBXBuildFile; fileRef = 985302D02954541100F7BAFD /* NetworkPublisher.swift */; };
		985302E42954541100F7BAFD /* RequestBuilder.swift in Sources */ = {isa = PBXBuildFile; fileRef = 985302D82954541100F7BAFD /* RequestBuilder.swift */; };
		985302E52954541100F7BAFD /* APIClient.swift in Sources */ = {isa = PBXBuildFile; fileRef = 985302D92954541100F7BAFD /* APIClient.swift */; };
		985302E72954546700F7BAFD /* APIError.swift in Sources */ = {isa = PBXBuildFile; fileRef = 985302E62954546700F7BAFD /* APIError.swift */; };
		985302EA295454E700F7BAFD /* PostRepository.swift in Sources */ = {isa = PBXBuildFile; fileRef = 985302E9295454E700F7BAFD /* PostRepository.swift */; };
		985302EC295456D800F7BAFD /* ErrorResponseApiModel.swift in Sources */ = {isa = PBXBuildFile; fileRef = 985302EB295456D800F7BAFD /* ErrorResponseApiModel.swift */; };
		985302EE2954577D00F7BAFD /* OwnerApiModel.swift in Sources */ = {isa = PBXBuildFile; fileRef = 985302ED2954577D00F7BAFD /* OwnerApiModel.swift */; };
		985302F02954579D00F7BAFD /* PostApiModel.swift in Sources */ = {isa = PBXBuildFile; fileRef = 985302EF2954579D00F7BAFD /* PostApiModel.swift */; };
		985302F2295457BD00F7BAFD /* PostListByPageResponseApiModel.swift in Sources */ = {isa = PBXBuildFile; fileRef = 985302F1295457BD00F7BAFD /* PostListByPageResponseApiModel.swift */; };
		985302F7295462BC00F7BAFD /* PostCollectionViewModel.swift in Sources */ = {isa = PBXBuildFile; fileRef = 985302F6295462BC00F7BAFD /* PostCollectionViewModel.swift */; };
		985302F9295465E000F7BAFD /* PostCollectionViewCell.swift in Sources */ = {isa = PBXBuildFile; fileRef = 985302F8295465E000F7BAFD /* PostCollectionViewCell.swift */; };
		985302FC2954662800F7BAFD /* ReusableView.swift in Sources */ = {isa = PBXBuildFile; fileRef = 985302FB2954662800F7BAFD /* ReusableView.swift */; };
		985302FF29546EA200F7BAFD /* AsyncUIImageView.swift in Sources */ = {isa = PBXBuildFile; fileRef = 985302FE29546EA200F7BAFD /* AsyncUIImageView.swift */; };
/* End PBXBuildFile section */

/* Begin PBXFileReference section */
		985302AF295451DC00F7BAFD /* PostApp.app */ = {isa = PBXFileReference; explicitFileType = wrapper.application; includeInIndex = 0; path = PostApp.app; sourceTree = BUILT_PRODUCTS_DIR; };
		985302B2295451DC00F7BAFD /* AppDelegate.swift */ = {isa = PBXFileReference; lastKnownFileType = sourcecode.swift; path = AppDelegate.swift; sourceTree = "<group>"; };
		985302B4295451DC00F7BAFD /* SceneDelegate.swift */ = {isa = PBXFileReference; lastKnownFileType = sourcecode.swift; path = SceneDelegate.swift; sourceTree = "<group>"; };
		985302B6295451DC00F7BAFD /* PostCollectionView.swift */ = {isa = PBXFileReference; lastKnownFileType = sourcecode.swift; path = PostCollectionView.swift; sourceTree = "<group>"; };
		985302BB295451DD00F7BAFD /* Assets.xcassets */ = {isa = PBXFileReference; lastKnownFileType = folder.assetcatalog; path = Assets.xcassets; sourceTree = "<group>"; };
		985302BE295451DD00F7BAFD /* Base */ = {isa = PBXFileReference; lastKnownFileType = file.storyboard; name = Base; path = Base.lproj/LaunchScreen.storyboard; sourceTree = "<group>"; };
		985302C0295451DD00F7BAFD /* Info.plist */ = {isa = PBXFileReference; lastKnownFileType = text.plist.xml; path = Info.plist; sourceTree = "<group>"; };
		985302CC2954541000F7BAFD /* APIClientType.swift */ = {isa = PBXFileReference; fileEncoding = 4; lastKnownFileType = sourcecode.swift; path = APIClientType.swift; sourceTree = "<group>"; };
		985302CD2954541000F7BAFD /* PathBuilder.swift */ = {isa = PBXFileReference; fileEncoding = 4; lastKnownFileType = sourcecode.swift; path = PathBuilder.swift; sourceTree = "<group>"; };
		985302CF2954541100F7BAFD /* NetworkMethod.swift */ = {isa = PBXFileReference; fileEncoding = 4; lastKnownFileType = sourcecode.swift; path = NetworkMethod.swift; sourceTree = "<group>"; };
		985302D02954541100F7BAFD /* NetworkPublisher.swift */ = {isa = PBXFileReference; fileEncoding = 4; lastKnownFileType = sourcecode.swift; path = NetworkPublisher.swift; sourceTree = "<group>"; };
		985302D82954541100F7BAFD /* RequestBuilder.swift */ = {isa = PBXFileReference; fileEncoding = 4; lastKnownFileType = sourcecode.swift; path = RequestBuilder.swift; sourceTree = "<group>"; };
		985302D92954541100F7BAFD /* APIClient.swift */ = {isa = PBXFileReference; fileEncoding = 4; lastKnownFileType = sourcecode.swift; path = APIClient.swift; sourceTree = "<group>"; };
		985302E62954546700F7BAFD /* APIError.swift */ = {isa = PBXFileReference; fileEncoding = 4; lastKnownFileType = sourcecode.swift; path = APIError.swift; sourceTree = "<group>"; };
		985302E9295454E700F7BAFD /* PostRepository.swift */ = {isa = PBXFileReference; lastKnownFileType = sourcecode.swift; path = PostRepository.swift; sourceTree = "<group>"; };
		985302EB295456D800F7BAFD /* ErrorResponseApiModel.swift */ = {isa = PBXFileReference; lastKnownFileType = sourcecode.swift; path = ErrorResponseApiModel.swift; sourceTree = "<group>"; };
		985302ED2954577D00F7BAFD /* OwnerApiModel.swift */ = {isa = PBXFileReference; lastKnownFileType = sourcecode.swift; path = OwnerApiModel.swift; sourceTree = "<group>"; };
		985302EF2954579D00F7BAFD /* PostApiModel.swift */ = {isa = PBXFileReference; lastKnownFileType = sourcecode.swift; path = PostApiModel.swift; sourceTree = "<group>"; };
		985302F1295457BD00F7BAFD /* PostListByPageResponseApiModel.swift */ = {isa = PBXFileReference; lastKnownFileType = sourcecode.swift; path = PostListByPageResponseApiModel.swift; sourceTree = "<group>"; };
		985302F6295462BC00F7BAFD /* PostCollectionViewModel.swift */ = {isa = PBXFileReference; lastKnownFileType = sourcecode.swift; path = PostCollectionViewModel.swift; sourceTree = "<group>"; };
		985302F8295465E000F7BAFD /* PostCollectionViewCell.swift */ = {isa = PBXFileReference; lastKnownFileType = sourcecode.swift; path = PostCollectionViewCell.swift; sourceTree = "<group>"; };
		985302FB2954662800F7BAFD /* ReusableView.swift */ = {isa = PBXFileReference; lastKnownFileType = sourcecode.swift; path = ReusableView.swift; sourceTree = "<group>"; };
		985302FE29546EA200F7BAFD /* AsyncUIImageView.swift */ = {isa = PBXFileReference; lastKnownFileType = sourcecode.swift; path = AsyncUIImageView.swift; sourceTree = "<group>"; };
/* End PBXFileReference section */

/* Begin PBXFrameworksBuildPhase section */
		985302AC295451DC00F7BAFD /* Frameworks */ = {
			isa = PBXFrameworksBuildPhase;
			buildActionMask = 2147483647;
			files = (
			);
			runOnlyForDeploymentPostprocessing = 0;
		};
/* End PBXFrameworksBuildPhase section */

/* Begin PBXGroup section */
		985302A6295451DC00F7BAFD = {
			isa = PBXGroup;
			children = (
				985302B1295451DC00F7BAFD /* PostApp */,
				985302B0295451DC00F7BAFD /* Products */,
			);
			sourceTree = "<group>";
		};
		985302B0295451DC00F7BAFD /* Products */ = {
			isa = PBXGroup;
			children = (
				985302AF295451DC00F7BAFD /* PostApp.app */,
			);
			name = Products;
			sourceTree = "<group>";
		};
		985302B1295451DC00F7BAFD /* PostApp */ = {
			isa = PBXGroup;
			children = (
				985302C6295452C200F7BAFD /* Application */,
				985302C82954534500F7BAFD /* Presentation */,
				985302CB295453E200F7BAFD /* Networking */,
			);
			path = PostApp;
			sourceTree = "<group>";
		};
		985302C6295452C200F7BAFD /* Application */ = {
			isa = PBXGroup;
			children = (
				985302FA2954661E00F7BAFD /* Protocols */,
				985302B2295451DC00F7BAFD /* AppDelegate.swift */,
				985302B4295451DC00F7BAFD /* SceneDelegate.swift */,
				985302C7295452F700F7BAFD /* Resources */,
			);
			path = Application;
			sourceTree = "<group>";
		};
		985302C7295452F700F7BAFD /* Resources */ = {
			isa = PBXGroup;
			children = (
				985302BB295451DD00F7BAFD /* Assets.xcassets */,
				985302BD295451DD00F7BAFD /* LaunchScreen.storyboard */,
				985302C0295451DD00F7BAFD /* Info.plist */,
			);
			path = Resources;
			sourceTree = "<group>";
		};
		985302C82954534500F7BAFD /* Presentation */ = {
			isa = PBXGroup;
			children = (
				985302C92954535300F7BAFD /* Scenes */,
				985302FD29546E7A00F7BAFD /* SharedViewsStyles */,
			);
			path = Presentation;
			sourceTree = "<group>";
		};
		985302C92954535300F7BAFD /* Scenes */ = {
			isa = PBXGroup;
			children = (
				985302CA2954535B00F7BAFD /* PostCollection */,
			);
			path = Scenes;
			sourceTree = "<group>";
		};
		985302CA2954535B00F7BAFD /* PostCollection */ = {
			isa = PBXGroup;
			children = (
				985302B6295451DC00F7BAFD /* PostCollectionView.swift */,
				985302F6295462BC00F7BAFD /* PostCollectionViewModel.swift */,
				985302F8295465E000F7BAFD /* PostCollectionViewCell.swift */,
			);
			path = PostCollection;
			sourceTree = "<group>";
		};
		985302CB295453E200F7BAFD /* Networking */ = {
			isa = PBXGroup;
			children = (
				985302D92954541100F7BAFD /* APIClient.swift */,
				985302E62954546700F7BAFD /* APIError.swift */,
				985302D02954541100F7BAFD /* NetworkPublisher.swift */,
				985302CD2954541000F7BAFD /* PathBuilder.swift */,
				985302D82954541100F7BAFD /* RequestBuilder.swift */,
				985302D12954541100F7BAFD /* ApiModel */,
				985302E8295454CF00F7BAFD /* NetWorkingProtocols */,
				985302CE2954541000F7BAFD /* NetworkingEnums */,
			);
			path = Networking;
			sourceTree = "<group>";
		};
		985302CE2954541000F7BAFD /* NetworkingEnums */ = {
			isa = PBXGroup;
			children = (
				985302CF2954541100F7BAFD /* NetworkMethod.swift */,
			);
			path = NetworkingEnums;
			sourceTree = "<group>";
		};
		985302D12954541100F7BAFD /* ApiModel */ = {
			isa = PBXGroup;
			children = (
				985302F1295457BD00F7BAFD /* PostListByPageResponseApiModel.swift */,
				985302EF2954579D00F7BAFD /* PostApiModel.swift */,
				985302ED2954577D00F7BAFD /* OwnerApiModel.swift */,
				985302EB295456D800F7BAFD /* ErrorResponseApiModel.swift */,
			);
			path = ApiModel;
			sourceTree = "<group>";
		};
		985302E8295454CF00F7BAFD /* NetWorkingProtocols */ = {
			isa = PBXGroup;
			children = (
				985302CC2954541000F7BAFD /* APIClientType.swift */,
				985302E9295454E700F7BAFD /* PostRepository.swift */,
			);
			path = NetWorkingProtocols;
			sourceTree = "<group>";
		};
		985302FA2954661E00F7BAFD /* Protocols */ = {
			isa = PBXGroup;
			children = (
				985302FB2954662800F7BAFD /* ReusableView.swift */,
			);
			path = Protocols;
			sourceTree = "<group>";
		};
		985302FD29546E7A00F7BAFD /* SharedViewsStyles */ = {
			isa = PBXGroup;
			children = (
				985302FE29546EA200F7BAFD /* AsyncUIImageView.swift */,
			);
			path = SharedViewsStyles;
			sourceTree = "<group>";
		};
/* End PBXGroup section */

/* Begin PBXNativeTarget section */
		985302AE295451DC00F7BAFD /* PostApp */ = {
			isa = PBXNativeTarget;
			buildConfigurationList = 985302C3295451DD00F7BAFD /* Build configuration list for PBXNativeTarget "PostApp" */;
			buildPhases = (
				985302AB295451DC00F7BAFD /* Sources */,
				985302AC295451DC00F7BAFD /* Frameworks */,
				985302AD295451DC00F7BAFD /* Resources */,
			);
			buildRules = (
			);
			dependencies = (
			);
			name = PostApp;
			productName = PostApp;
			productReference = 985302AF295451DC00F7BAFD /* PostApp.app */;
			productType = "com.apple.product-type.application";
		};
/* End PBXNativeTarget section */

/* Begin PBXProject section */
		985302A7295451DC00F7BAFD /* Project object */ = {
			isa = PBXProject;
			attributes = {
				BuildIndependentTargetsInParallel = 1;
				LastSwiftUpdateCheck = 1410;
				LastUpgradeCheck = 1410;
				TargetAttributes = {
					985302AE295451DC00F7BAFD = {
						CreatedOnToolsVersion = 14.1;
					};
				};
			};
			buildConfigurationList = 985302AA295451DC00F7BAFD /* Build configuration list for PBXProject "PostApp" */;
			compatibilityVersion = "Xcode 14.0";
			developmentRegion = en;
			hasScannedForEncodings = 0;
			knownRegions = (
				en,
				Base,
			);
			mainGroup = 985302A6295451DC00F7BAFD;
			productRefGroup = 985302B0295451DC00F7BAFD /* Products */;
			projectDirPath = "";
			projectRoot = "";
			targets = (
				985302AE295451DC00F7BAFD /* PostApp */,
			);
		};
/* End PBXProject section */

/* Begin PBXResourcesBuildPhase section */
		985302AD295451DC00F7BAFD /* Resources */ = {
			isa = PBXResourcesBuildPhase;
			buildActionMask = 2147483647;
			files = (
				985302BF295451DD00F7BAFD /* LaunchScreen.storyboard in Resources */,
				985302BC295451DD00F7BAFD /* Assets.xcassets in Resources */,
			);
			runOnlyForDeploymentPostprocessing = 0;
		};
/* End PBXResourcesBuildPhase section */

/* Begin PBXSourcesBuildPhase section */
		985302AB295451DC00F7BAFD /* Sources */ = {
			isa = PBXSourcesBuildPhase;
			buildActionMask = 2147483647;
			files = (
				985302B7295451DC00F7BAFD /* PostCollectionView.swift in Sources */,
				985302EA295454E700F7BAFD /* PostRepository.swift in Sources */,
				985302F02954579D00F7BAFD /* PostApiModel.swift in Sources */,
				985302DC2954541100F7BAFD /* NetworkMethod.swift in Sources */,
				985302DA2954541100F7BAFD /* APIClientType.swift in Sources */,
				985302B3295451DC00F7BAFD /* AppDelegate.swift in Sources */,
				985302F7295462BC00F7BAFD /* PostCollectionViewModel.swift in Sources */,
				985302B5295451DC00F7BAFD /* SceneDelegate.swift in Sources */,
				985302F2295457BD00F7BAFD /* PostListByPageResponseApiModel.swift in Sources */,
				985302FC2954662800F7BAFD /* ReusableView.swift in Sources */,
				985302EC295456D800F7BAFD /* ErrorResponseApiModel.swift in Sources */,
				985302DB2954541100F7BAFD /* PathBuilder.swift in Sources */,
				985302E42954541100F7BAFD /* RequestBuilder.swift in Sources */,
				985302F9295465E000F7BAFD /* PostCollectionViewCell.swift in Sources */,
				985302FF29546EA200F7BAFD /* AsyncUIImageView.swift in Sources */,
				985302E52954541100F7BAFD /* APIClient.swift in Sources */,
				985302EE2954577D00F7BAFD /* OwnerApiModel.swift in Sources */,
				985302E72954546700F7BAFD /* APIError.swift in Sources */,
				985302DD2954541100F7BAFD /* NetworkPublisher.swift in Sources */,
			);
			runOnlyForDeploymentPostprocessing = 0;
		};
/* End PBXSourcesBuildPhase section */

/* Begin PBXVariantGroup section */
		985302BD295451DD00F7BAFD /* LaunchScreen.storyboard */ = {
			isa = PBXVariantGroup;
			children = (
				985302BE295451DD00F7BAFD /* Base */,
			);
			name = LaunchScreen.storyboard;
			sourceTree = "<group>";
		};
/* End PBXVariantGroup section */

/* Begin XCBuildConfiguration section */
		985302C1295451DD00F7BAFD /* Debug */ = {
			isa = XCBuildConfiguration;
			buildSettings = {
				ALWAYS_SEARCH_USER_PATHS = NO;
				CLANG_ANALYZER_NONNULL = YES;
				CLANG_ANALYZER_NUMBER_OBJECT_CONVERSION = YES_AGGRESSIVE;
				CLANG_CXX_LANGUAGE_STANDARD = "gnu++20";
				CLANG_ENABLE_MODULES = YES;
				CLANG_ENABLE_OBJC_ARC = YES;
				CLANG_ENABLE_OBJC_WEAK = YES;
				CLANG_WARN_BLOCK_CAPTURE_AUTORELEASING = YES;
				CLANG_WARN_BOOL_CONVERSION = YES;
				CLANG_WARN_COMMA = YES;
				CLANG_WARN_CONSTANT_CONVERSION = YES;
				CLANG_WARN_DEPRECATED_OBJC_IMPLEMENTATIONS = YES;
				CLANG_WARN_DIRECT_OBJC_ISA_USAGE = YES_ERROR;
				CLANG_WARN_DOCUMENTATION_COMMENTS = YES;
				CLANG_WARN_EMPTY_BODY = YES;
				CLANG_WARN_ENUM_CONVERSION = YES;
				CLANG_WARN_INFINITE_RECURSION = YES;
				CLANG_WARN_INT_CONVERSION = YES;
				CLANG_WARN_NON_LITERAL_NULL_CONVERSION = YES;
				CLANG_WARN_OBJC_IMPLICIT_RETAIN_SELF = YES;
				CLANG_WARN_OBJC_LITERAL_CONVERSION = YES;
				CLANG_WARN_OBJC_ROOT_CLASS = YES_ERROR;
				CLANG_WARN_QUOTED_INCLUDE_IN_FRAMEWORK_HEADER = YES;
				CLANG_WARN_RANGE_LOOP_ANALYSIS = YES;
				CLANG_WARN_STRICT_PROTOTYPES = YES;
				CLANG_WARN_SUSPICIOUS_MOVE = YES;
				CLANG_WARN_UNGUARDED_AVAILABILITY = YES_AGGRESSIVE;
				CLANG_WARN_UNREACHABLE_CODE = YES;
				CLANG_WARN__DUPLICATE_METHOD_MATCH = YES;
				COPY_PHASE_STRIP = NO;
				DEBUG_INFORMATION_FORMAT = dwarf;
				ENABLE_STRICT_OBJC_MSGSEND = YES;
				ENABLE_TESTABILITY = YES;
				GCC_C_LANGUAGE_STANDARD = gnu11;
				GCC_DYNAMIC_NO_PIC = NO;
				GCC_NO_COMMON_BLOCKS = YES;
				GCC_OPTIMIZATION_LEVEL = 0;
				GCC_PREPROCESSOR_DEFINITIONS = (
					"DEBUG=1",
					"$(inherited)",
				);
				GCC_WARN_64_TO_32_BIT_CONVERSION = YES;
				GCC_WARN_ABOUT_RETURN_TYPE = YES_ERROR;
				GCC_WARN_UNDECLARED_SELECTOR = YES;
				GCC_WARN_UNINITIALIZED_AUTOS = YES_AGGRESSIVE;
				GCC_WARN_UNUSED_FUNCTION = YES;
				GCC_WARN_UNUSED_VARIABLE = YES;
				IPHONEOS_DEPLOYMENT_TARGET = 16.1;
				MTL_ENABLE_DEBUG_INFO = INCLUDE_SOURCE;
				MTL_FAST_MATH = YES;
				ONLY_ACTIVE_ARCH = YES;
				SDKROOT = iphoneos;
				SWIFT_ACTIVE_COMPILATION_CONDITIONS = DEBUG;
				SWIFT_OPTIMIZATION_LEVEL = "-Onone";
			};
			name = Debug;
		};
		985302C2295451DD00F7BAFD /* Release */ = {
			isa = XCBuildConfiguration;
			buildSettings = {
				ALWAYS_SEARCH_USER_PATHS = NO;
				CLANG_ANALYZER_NONNULL = YES;
				CLANG_ANALYZER_NUMBER_OBJECT_CONVERSION = YES_AGGRESSIVE;
				CLANG_CXX_LANGUAGE_STANDARD = "gnu++20";
				CLANG_ENABLE_MODULES = YES;
				CLANG_ENABLE_OBJC_ARC = YES;
				CLANG_ENABLE_OBJC_WEAK = YES;
				CLANG_WARN_BLOCK_CAPTURE_AUTORELEASING = YES;
				CLANG_WARN_BOOL_CONVERSION = YES;
				CLANG_WARN_COMMA = YES;
				CLANG_WARN_CONSTANT_CONVERSION = YES;
				CLANG_WARN_DEPRECATED_OBJC_IMPLEMENTATIONS = YES;
				CLANG_WARN_DIRECT_OBJC_ISA_USAGE = YES_ERROR;
				CLANG_WARN_DOCUMENTATION_COMMENTS = YES;
				CLANG_WARN_EMPTY_BODY = YES;
				CLANG_WARN_ENUM_CONVERSION = YES;
				CLANG_WARN_INFINITE_RECURSION = YES;
				CLANG_WARN_INT_CONVERSION = YES;
				CLANG_WARN_NON_LITERAL_NULL_CONVERSION = YES;
				CLANG_WARN_OBJC_IMPLICIT_RETAIN_SELF = YES;
				CLANG_WARN_OBJC_LITERAL_CONVERSION = YES;
				CLANG_WARN_OBJC_ROOT_CLASS = YES_ERROR;
				CLANG_WARN_QUOTED_INCLUDE_IN_FRAMEWORK_HEADER = YES;
				CLANG_WARN_RANGE_LOOP_ANALYSIS = YES;
				CLANG_WARN_STRICT_PROTOTYPES = YES;
				CLANG_WARN_SUSPICIOUS_MOVE = YES;
				CLANG_WARN_UNGUARDED_AVAILABILITY = YES_AGGRESSIVE;
				CLANG_WARN_UNREACHABLE_CODE = YES;
				CLANG_WARN__DUPLICATE_METHOD_MATCH = YES;
				COPY_PHASE_STRIP = NO;
				DEBUG_INFORMATION_FORMAT = "dwarf-with-dsym";
				ENABLE_NS_ASSERTIONS = NO;
				ENABLE_STRICT_OBJC_MSGSEND = YES;
				GCC_C_LANGUAGE_STANDARD = gnu11;
				GCC_NO_COMMON_BLOCKS = YES;
				GCC_WARN_64_TO_32_BIT_CONVERSION = YES;
				GCC_WARN_ABOUT_RETURN_TYPE = YES_ERROR;
				GCC_WARN_UNDECLARED_SELECTOR = YES;
				GCC_WARN_UNINITIALIZED_AUTOS = YES_AGGRESSIVE;
				GCC_WARN_UNUSED_FUNCTION = YES;
				GCC_WARN_UNUSED_VARIABLE = YES;
				IPHONEOS_DEPLOYMENT_TARGET = 16.1;
				MTL_ENABLE_DEBUG_INFO = NO;
				MTL_FAST_MATH = YES;
				SDKROOT = iphoneos;
				SWIFT_COMPILATION_MODE = wholemodule;
				SWIFT_OPTIMIZATION_LEVEL = "-O";
				VALIDATE_PRODUCT = YES;
			};
			name = Release;
		};
		985302C4295451DD00F7BAFD /* Debug */ = {
			isa = XCBuildConfiguration;
			buildSettings = {
				ASSETCATALOG_COMPILER_APPICON_NAME = AppIcon;
				ASSETCATALOG_COMPILER_GLOBAL_ACCENT_COLOR_NAME = AccentColor;
				CODE_SIGN_STYLE = Automatic;
				CURRENT_PROJECT_VERSION = 1;
				GENERATE_INFOPLIST_FILE = YES;
				INFOPLIST_FILE = PostApp/Application/Resources/Info.plist;
				INFOPLIST_KEY_UIApplicationSupportsIndirectInputEvents = YES;
				INFOPLIST_KEY_UILaunchStoryboardName = LaunchScreen;
				INFOPLIST_KEY_UISupportedInterfaceOrientations_iPad = "UIInterfaceOrientationPortrait UIInterfaceOrientationPortraitUpsideDown UIInterfaceOrientationLandscapeLeft UIInterfaceOrientationLandscapeRight";
				INFOPLIST_KEY_UISupportedInterfaceOrientations_iPhone = "UIInterfaceOrientationPortrait UIInterfaceOrientationLandscapeLeft UIInterfaceOrientationLandscapeRight";
				LD_RUNPATH_SEARCH_PATHS = (
					"$(inherited)",
					"@executable_path/Frameworks",
				);
				MARKETING_VERSION = 1.0;
				PRODUCT_BUNDLE_IDENTIFIER = me.losadrian.PostApp;
				PRODUCT_NAME = "$(TARGET_NAME)";
				SWIFT_EMIT_LOC_STRINGS = YES;
				SWIFT_VERSION = 5.0;
				TARGETED_DEVICE_FAMILY = "1,2";
			};
			name = Debug;
		};
		985302C5295451DD00F7BAFD /* Release */ = {
			isa = XCBuildConfiguration;
			buildSettings = {
				ASSETCATALOG_COMPILER_APPICON_NAME = AppIcon;
				ASSETCATALOG_COMPILER_GLOBAL_ACCENT_COLOR_NAME = AccentColor;
				CODE_SIGN_STYLE = Automatic;
				CURRENT_PROJECT_VERSION = 1;
				GENERATE_INFOPLIST_FILE = YES;
				INFOPLIST_FILE = PostApp/Application/Resources/Info.plist;
				INFOPLIST_KEY_UIApplicationSupportsIndirectInputEvents = YES;
				INFOPLIST_KEY_UILaunchStoryboardName = LaunchScreen;
				INFOPLIST_KEY_UISupportedInterfaceOrientations_iPad = "UIInterfaceOrientationPortrait UIInterfaceOrientationPortraitUpsideDown UIInterfaceOrientationLandscapeLeft UIInterfaceOrientationLandscapeRight";
				INFOPLIST_KEY_UISupportedInterfaceOrientations_iPhone = "UIInterfaceOrientationPortrait UIInterfaceOrientationLandscapeLeft UIInterfaceOrientationLandscapeRight";
				LD_RUNPATH_SEARCH_PATHS = (
					"$(inherited)",
					"@executable_path/Frameworks",
				);
				MARKETING_VERSION = 1.0;
				PRODUCT_BUNDLE_IDENTIFIER = me.losadrian.PostApp;
				PRODUCT_NAME = "$(TARGET_NAME)";
				SWIFT_EMIT_LOC_STRINGS = YES;
				SWIFT_VERSION = 5.0;
				TARGETED_DEVICE_FAMILY = "1,2";
			};
			name = Release;
		};
/* End XCBuildConfiguration section */

/* Begin XCConfigurationList section */
		985302AA295451DC00F7BAFD /* Build configuration list for PBXProject "PostApp" */ = {
			isa = XCConfigurationList;
			buildConfigurations = (
				985302C1295451DD00F7BAFD /* Debug */,
				985302C2295451DD00F7BAFD /* Release */,
			);
			defaultConfigurationIsVisible = 0;
			defaultConfigurationName = Release;
		};
		985302C3295451DD00F7BAFD /* Build configuration list for PBXNativeTarget "PostApp" */ = {
			isa = XCConfigurationList;
			buildConfigurations = (
				985302C4295451DD00F7BAFD /* Debug */,
				985302C5295451DD00F7BAFD /* Release */,
			);
			defaultConfigurationIsVisible = 0;
			defaultConfigurationName = Release;
		};
/* End XCConfigurationList section */
	};
	rootObject = 985302A7295451DC00F7BAFD /* Project object */;
}
